<?xml version="1.0" encoding="utf-8"?>
<Project ToolsVersion="4.0" xmlns="http://schemas.microsoft.com/developer/msbuild/2003">
  <ItemGroup>
    <ClInclude Include="Core\Renderer.h">
      <Filter>Core</Filter>
    </ClInclude>
    <ClInclude Include="Core\ShaderComplier.h">
      <Filter>Core</Filter>
    </ClInclude>
    <ClInclude Include="Core\ShaderStructures.h">
      <Filter>Core</Filter>
    </ClInclude>
    <ClInclude Include="Core\SimpleMath.h">
      <Filter>Core</Filter>
    </ClInclude>
    <ClInclude Include="Core\DirectResources.h">
      <Filter>Core</Filter>
    </ClInclude>
    <ClInclude Include="Core\App.h">
      <Filter>Core</Filter>
    </ClInclude>
    <ClInclude Include="Nix\Object\NXBox.h">
      <Filter>Nix\Object\Primitive</Filter>
    </ClInclude>
    <ClInclude Include="Nix\Object\NXCylinder.h">
      <Filter>Nix\Object\Primitive</Filter>
    </ClInclude>
    <ClInclude Include="Nix\Object\NXLight.h">
      <Filter>Nix\Object\Light</Filter>
    </ClInclude>
    <ClInclude Include="Nix\Object\NXMaterial.h">
      <Filter>Nix\Object\Material</Filter>
    </ClInclude>
    <ClInclude Include="Nix\Object\NXPlane.h">
      <Filter>Nix\Object\Primitive</Filter>
    </ClInclude>
    <ClInclude Include="Nix\Object\NXPrimitive.h">
      <Filter>Nix\Object\Primitive</Filter>
    </ClInclude>
    <ClInclude Include="Nix\File\DDSTextureLoader.h">
      <Filter>Nix\File</Filter>
    </ClInclude>
    <ClInclude Include="Nix\File\WICTextureLoader.h">
      <Filter>Nix\File</Filter>
    </ClInclude>
    <ClInclude Include="Nix\Object\NXSphere.h">
      <Filter>Nix\Object\Primitive</Filter>
    </ClInclude>
    <ClInclude Include="Nix\NXScene.h">
      <Filter>Nix</Filter>
    </ClInclude>
    <ClInclude Include="Nix\NXTransform.h">
      <Filter>Nix</Filter>
    </ClInclude>
    <ClInclude Include="Nix\Object\NXCamera.h">
      <Filter>Nix\Object\Camera</Filter>
    </ClInclude>
    <ClInclude Include="Core\NXDXHelper.h">
      <Filter>Core</Filter>
    </ClInclude>
    <ClInclude Include="Core\Header.h">
      <Filter>Core</Filter>
    </ClInclude>
  </ItemGroup>
  <ItemGroup>
    <ClCompile Include="Core\Renderer.cpp">
      <Filter>Core</Filter>
    </ClCompile>
    <ClCompile Include="Core\ShaderComplier.cpp">
      <Filter>Core</Filter>
    </ClCompile>
    <ClCompile Include="Core\DirectResources.cpp">
      <Filter>Core</Filter>
    </ClCompile>
    <ClCompile Include="Core\App.cpp">
      <Filter>Core</Filter>
    </ClCompile>
    <ClCompile Include="Nix\Object\NXBox.cpp">
      <Filter>Nix\Object\Primitive</Filter>
    </ClCompile>
    <ClCompile Include="Nix\Object\NXCylinder.cpp">
      <Filter>Nix\Object\Primitive</Filter>
    </ClCompile>
    <ClCompile Include="Nix\Object\NXLight.cpp">
      <Filter>Nix\Object\Light</Filter>
    </ClCompile>
    <ClCompile Include="Nix\Object\NXMaterial.cpp">
      <Filter>Nix\Object\Material</Filter>
    </ClCompile>
    <ClCompile Include="Nix\Object\NXPlane.cpp">
      <Filter>Nix\Object\Primitive</Filter>
    </ClCompile>
    <ClCompile Include="Nix\Object\NXPrimitive.cpp">
      <Filter>Nix\Object\Primitive</Filter>
    </ClCompile>
    <ClCompile Include="Nix\File\DDSTextureLoader.cpp">
      <Filter>Nix\File</Filter>
    </ClCompile>
    <ClCompile Include="Nix\File\WICTextureLoader.cpp">
      <Filter>Nix\File</Filter>
    </ClCompile>
    <ClCompile Include="Nix\Object\NXSphere.cpp">
      <Filter>Nix\Object\Primitive</Filter>
    </ClCompile>
    <ClCompile Include="Nix\NXScene.cpp">
      <Filter>Nix</Filter>
    </ClCompile>
    <ClCompile Include="Nix\NXTransform.cpp">
      <Filter>Nix</Filter>
    </ClCompile>
    <ClCompile Include="Nix\Object\NXCamera.cpp">
      <Filter>Nix\Object\Camera</Filter>
    </ClCompile>
    <ClCompile Include="Core\Global.cpp">
      <Filter>Core</Filter>
    </ClCompile>
    <ClCompile Include="Core\Main.cpp">
      <Filter>Core</Filter>
    </ClCompile>
    <ClCompile Include="Core\NXDXHelper.cpp">
      <Filter>Core</Filter>
    </ClCompile>
  </ItemGroup>
  <ItemGroup>
    <Filter Include="Core">
      <UniqueIdentifier>{b6872d19-f1ba-4911-8abc-a6f06962891b}</UniqueIdentifier>
    </Filter>
    <Filter Include="Nix">
      <UniqueIdentifier>{b98cce96-7ef9-43b4-9ff9-b62958c35f70}</UniqueIdentifier>
    </Filter>
    <Filter Include="Nix\File">
      <UniqueIdentifier>{785c917d-93e8-4fee-a4b4-13762b3e564a}</UniqueIdentifier>
    </Filter>
    <Filter Include="Nix\Object">
      <UniqueIdentifier>{cb91577a-f3dd-4038-9460-92506b071a08}</UniqueIdentifier>
    </Filter>
    <Filter Include="Nix\Object\Primitive">
      <UniqueIdentifier>{e408db57-5c08-430d-9bb0-28d118781db9}</UniqueIdentifier>
    </Filter>
    <Filter Include="Nix\Shader">
      <UniqueIdentifier>{d99dfb08-f23b-4a25-8f50-c19ef8d7e01a}</UniqueIdentifier>
    </Filter>
    <Filter Include="Nix\Object\Light">
      <UniqueIdentifier>{1bb77c6d-c8ba-41fe-b73f-0f017daaa595}</UniqueIdentifier>
    </Filter>
    <Filter Include="Nix\Object\Material">
      <UniqueIdentifier>{159fbfcd-8fee-427d-b7b7-88b61a1e7b34}</UniqueIdentifier>
    </Filter>
    <Filter Include="Nix\Object\Camera">
      <UniqueIdentifier>{06e93e78-451b-41a8-ab31-822cef030ae6}</UniqueIdentifier>
    </Filter>
  </ItemGroup>
  <ItemGroup>
    <None Include="Core\SimpleMath.inl">
      <Filter>Core</Filter>
    </None>
    <None Include="Shader\Tutorial03.fx">
      <Filter>Nix\Shader</Filter>
    </None>
  </ItemGroup>
  <ItemGroup>
    <Xml Include="Shader\Light.fx">
      <Filter>Nix\Shader</Filter>
    </Xml>
  </ItemGroup>
</Project>