<?xml version="1.0" encoding="utf-8"?>
<Project ToolsVersion="4.0" xmlns="http://schemas.microsoft.com/developer/msbuild/2003">
  <ItemGroup>
    <Filter Include="Shader">
      <UniqueIdentifier>{d99dfb08-f23b-4a25-8f50-c19ef8d7e01a}</UniqueIdentifier>
    </Filter>
    <Filter Include="Core">
      <UniqueIdentifier>{09d76e45-341d-4fc6-b5ac-235f2eb3a219}</UniqueIdentifier>
    </Filter>
    <Filter Include="Core\DirectX">
      <UniqueIdentifier>{ca2e5c32-2029-429d-9f92-4a6d2488cf8c}</UniqueIdentifier>
    </Filter>
    <Filter Include="Core\Input">
      <UniqueIdentifier>{7839a120-6d02-4163-88ad-97af4f368343}</UniqueIdentifier>
    </Filter>
    <Filter Include="Core\Helper">
      <UniqueIdentifier>{96ebf3ac-bd17-4bb6-b13f-043a28337db8}</UniqueIdentifier>
    </Filter>
    <Filter Include="Core\File">
      <UniqueIdentifier>{7687d245-65ec-43bf-b96d-c06d3b864c3c}</UniqueIdentifier>
    </Filter>
    <Filter Include="Nix">
      <UniqueIdentifier>{a38f319f-8ffb-4e0c-b295-e26ccd9d809f}</UniqueIdentifier>
    </Filter>
    <Filter Include="Nix\Accelerator">
      <UniqueIdentifier>{c22a8de2-b186-4f54-b032-b8d32af30a5d}</UniqueIdentifier>
    </Filter>
    <Filter Include="Nix\Script">
      <UniqueIdentifier>{6c77a9d9-b8d3-4309-b48d-605df7d87e31}</UniqueIdentifier>
    </Filter>
    <Filter Include="Nix\Object">
      <UniqueIdentifier>{9dd25a29-7490-4cad-b848-a98a49376647}</UniqueIdentifier>
    </Filter>
    <Filter Include="Nix\Object\Light">
      <UniqueIdentifier>{ee90d1fb-d328-4b30-8484-4e5468b64abd}</UniqueIdentifier>
    </Filter>
    <Filter Include="Nix\Material">
      <UniqueIdentifier>{ec249b18-6eb1-4e3f-ab69-fa45f38ce911}</UniqueIdentifier>
    </Filter>
    <Filter Include="Nix\Object\Transform">
      <UniqueIdentifier>{5a941b34-6909-4331-be37-685641732363}</UniqueIdentifier>
    </Filter>
    <Filter Include="Nix\Object\Transform\Primitive">
      <UniqueIdentifier>{f3755d2c-4e07-43f5-a8fe-bf2096c2ee55}</UniqueIdentifier>
    </Filter>
    <Filter Include="Nix\Object\Transform\Primitive\Shape">
      <UniqueIdentifier>{7525b90e-ff3e-4a65-8989-9d59da76ed60}</UniqueIdentifier>
    </Filter>
    <Filter Include="Nix\Object\Transform\Primitive\Other">
      <UniqueIdentifier>{a195dd0d-fa7c-4d8a-82cb-017765c56820}</UniqueIdentifier>
    </Filter>
    <Filter Include="Nix\Object\Transform\Camera">
      <UniqueIdentifier>{d32f33d5-ff4a-4baf-afb1-d64131dd1410}</UniqueIdentifier>
    </Filter>
    <Filter Include="Nix\Effect">
      <UniqueIdentifier>{c9eedf95-48c5-4e48-aeba-aeaef4a77fd1}</UniqueIdentifier>
    </Filter>
    <Filter Include="Nix\Scene">
      <UniqueIdentifier>{d197e267-4212-4de3-a89b-ab57b9ca0af8}</UniqueIdentifier>
    </Filter>
    <Filter Include="Nix\RayTracer">
      <UniqueIdentifier>{9cb355b4-fe1c-44d1-ad65-30c22ae78c2e}</UniqueIdentifier>
    </Filter>
    <Filter Include="Nix\RayTracer\Integrator">
      <UniqueIdentifier>{bdd7ed85-60a9-4355-9428-9b22321871eb}</UniqueIdentifier>
    </Filter>
    <Filter Include="Nix\RayTracer\IrradianceCache">
      <UniqueIdentifier>{37acfc55-a531-4610-ad88-9ac01112c20a}</UniqueIdentifier>
    </Filter>
    <Filter Include="Core\DirectX\Renderer">
      <UniqueIdentifier>{fce4c3cd-5a30-4a68-93d9-7df8246a1267}</UniqueIdentifier>
    </Filter>
    <Filter Include="Core\UI">
      <UniqueIdentifier>{de9ace55-c4c4-48d5-abfd-52abd2c8e492}</UniqueIdentifier>
    </Filter>
  </ItemGroup>
  <ItemGroup>
    <None Include="Shader\RenderTarget.fx">
      <Filter>Shader</Filter>
    </None>
    <None Include="Shader\ShadowMap.fx">
      <Filter>Shader</Filter>
    </None>
    <None Include="Shader\Scene.fx">
      <Filter>Shader</Filter>
    </None>
    <None Include="Shader\PBR.fx">
      <Filter>Shader</Filter>
    </None>
    <None Include="Shader\CubeMap.fx">
      <Filter>Shader</Filter>
    </None>
    <None Include="Shader\CubeMapIrradiance.fx">
      <Filter>Shader</Filter>
    </None>
    <None Include="Shader\CubeMapPreFilter.fx">
      <Filter>Shader</Filter>
    </None>
    <None Include="Shader\BRDF2DLUT.fx">
      <Filter>Shader</Filter>
    </None>
    <None Include="Shader\Random.fx">
      <Filter>Shader</Filter>
    </None>
    <None Include="Shader\HDRToCubeMap.fx">
      <Filter>Shader</Filter>
    </None>
    <None Include="Shader\GBuffer.fx">
      <Filter>Shader</Filter>
    </None>
    <None Include="Shader\Math.fx">
      <Filter>Shader</Filter>
    </None>
    <None Include="Shader\PBRLights.fx">
      <Filter>Shader</Filter>
    </None>
    <None Include="Shader\PBRMaterials.fx">
      <Filter>Shader</Filter>
    </None>
    <None Include="Shader\DeferredRender.fx">
      <Filter>Shader</Filter>
    </None>
    <None Include="Shader\Common.fx">
      <Filter>Shader</Filter>
    </None>
    <None Include="Shader\DepthPrepass.fx">
      <Filter>Shader</Filter>
    </None>
  </ItemGroup>
  <ItemGroup>
    <ClCompile Include="Core\App.cpp">
      <Filter>Core</Filter>
    </ClCompile>
    <ClCompile Include="Core\Global.cpp">
      <Filter>Core</Filter>
    </ClCompile>
    <ClCompile Include="Core\FBXMeshLoader.cpp">
      <Filter>Core\File</Filter>
    </ClCompile>
    <ClCompile Include="Core\DirectResources.cpp">
      <Filter>Core\DirectX</Filter>
    </ClCompile>
    <ClCompile Include="Core\GlobalBufferManager.cpp">
      <Filter>Core\DirectX</Filter>
    </ClCompile>
    <ClCompile Include="Core\NXEvent.cpp">
      <Filter>Core\Input</Filter>
    </ClCompile>
    <ClCompile Include="Core\NXInput.cpp">
      <Filter>Core\Input</Filter>
    </ClCompile>
    <ClCompile Include="Core\NXTimer.cpp">
      <Filter>Core\Helper</Filter>
    </ClCompile>
    <ClCompile Include="Core\NXDXHelper.cpp">
      <Filter>Core\Helper</Filter>
    </ClCompile>
    <ClCompile Include="Core\RenderStates.cpp">
      <Filter>Core\DirectX</Filter>
    </ClCompile>
    <ClCompile Include="Core\ShaderComplier.cpp">
      <Filter>Core\DirectX</Filter>
    </ClCompile>
    <ClCompile Include="Nix\HBVH.cpp">
      <Filter>Nix\Accelerator</Filter>
    </ClCompile>
    <ClCompile Include="Nix\Script\NSFirstPersonalCamera.cpp">
      <Filter>Nix\Script</Filter>
    </ClCompile>
    <ClCompile Include="Nix\Script\NSTest.cpp">
      <Filter>Nix\Script</Filter>
    </ClCompile>
    <ClCompile Include="Nix\NXBox.cpp">
      <Filter>Nix\Object\Transform\Primitive\Shape</Filter>
    </ClCompile>
    <ClCompile Include="Nix\NXCamera.cpp">
      <Filter>Nix\Object\Transform\Camera</Filter>
    </ClCompile>
    <ClCompile Include="Nix\NXCylinder.cpp">
      <Filter>Nix\Object\Transform\Primitive\Shape</Filter>
    </ClCompile>
    <ClCompile Include="Nix\NXMesh.cpp">
      <Filter>Nix\Object\Transform\Primitive\Shape</Filter>
    </ClCompile>
    <ClCompile Include="Nix\NXObject.cpp">
      <Filter>Nix\Object\Transform\Primitive\Shape</Filter>
    </ClCompile>
    <ClCompile Include="Nix\NXPlane.cpp">
      <Filter>Nix\Object\Transform\Primitive\Shape</Filter>
    </ClCompile>
    <ClCompile Include="Nix\NXIntersection.cpp">
      <Filter>Nix\Accelerator</Filter>
    </ClCompile>
    <ClCompile Include="Nix\NXRenderTarget.cpp">
      <Filter>Nix\Object\Transform\Primitive\Other</Filter>
    </ClCompile>
    <ClCompile Include="Nix\Script\NXScript.cpp">
      <Filter>Nix\Script</Filter>
    </ClCompile>
    <ClCompile Include="Nix\NXPrimitive.cpp">
      <Filter>Nix\Object\Transform\Primitive</Filter>
    </ClCompile>
    <ClCompile Include="Nix\NXTransform.cpp">
      <Filter>Nix\Object\Transform</Filter>
    </ClCompile>
    <ClCompile Include="Nix\NXPassShadowMap.cpp">
      <Filter>Nix\Effect</Filter>
    </ClCompile>
    <ClCompile Include="Nix\NXScene.cpp">
      <Filter>Nix\Scene</Filter>
    </ClCompile>
    <ClCompile Include="Nix\NXSphere.cpp">
      <Filter>Nix\Object\Transform\Primitive\Shape</Filter>
    </ClCompile>
    <ClCompile Include="Nix\SceneManager.cpp">
      <Filter>Nix\Scene</Filter>
    </ClCompile>
    <ClCompile Include="Nix\NXRayTracer.cpp">
      <Filter>Nix\RayTracer</Filter>
    </ClCompile>
    <ClCompile Include="Core\NXRandom.cpp">
      <Filter>Core\Helper</Filter>
    </ClCompile>
    <ClCompile Include="Nix\NXFresnel.cpp">
      <Filter>Nix\RayTracer</Filter>
    </ClCompile>
    <ClCompile Include="Nix\NXIntegrator.cpp">
      <Filter>Nix\RayTracer\Integrator</Filter>
    </ClCompile>
    <ClCompile Include="Nix\NXBSDF.cpp">
      <Filter>Nix\RayTracer</Filter>
    </ClCompile>
    <ClCompile Include="Nix\NXPBRMaterial.cpp">
      <Filter>Nix\Material</Filter>
    </ClCompile>
    <ClCompile Include="Nix\NXPBRLight.cpp">
      <Filter>Nix\Object\Light</Filter>
    </ClCompile>
    <ClCompile Include="Core\ImageGenerator.cpp">
      <Filter>Core\File</Filter>
    </ClCompile>
    <ClCompile Include="Nix\NXDistribution.cpp">
      <Filter>Nix\RayTracer</Filter>
    </ClCompile>
    <ClCompile Include="Nix\NXPathIntegrator.cpp">
      <Filter>Nix\RayTracer\Integrator</Filter>
    </ClCompile>
    <ClCompile Include="Nix\NXKdTree.cpp">
      <Filter>Nix\Accelerator</Filter>
    </ClCompile>
    <ClCompile Include="Nix\NXReflection.inl">
      <Filter>Nix\RayTracer</Filter>
    </ClCompile>
    <ClCompile Include="Nix\NXPMIntegrator.cpp">
      <Filter>Nix\RayTracer\Integrator</Filter>
    </ClCompile>
    <ClCompile Include="Nix\NXPMSplitIntegrator.cpp">
      <Filter>Nix\RayTracer\Integrator</Filter>
    </ClCompile>
    <ClCompile Include="Nix\NXDirectIntegrator.cpp">
      <Filter>Nix\RayTracer\Integrator</Filter>
    </ClCompile>
    <ClCompile Include="Nix\NXIrradianceCache.cpp">
      <Filter>Nix\RayTracer\IrradianceCache</Filter>
    </ClCompile>
    <ClCompile Include="Nix\NXPhoton.cpp">
      <Filter>Nix\RayTracer</Filter>
    </ClCompile>
    <ClCompile Include="Core\Main.cpp">
      <Filter>Core</Filter>
    </ClCompile>
    <ClCompile Include="Nix\NXSPPMIntegrator.cpp">
      <Filter>Nix\RayTracer\Integrator</Filter>
    </ClCompile>
    <ClCompile Include="Nix\NXCubeMap.cpp">
      <Filter>Nix\Object\Transform\Primitive\Other</Filter>
    </ClCompile>
    <ClCompile Include="Core\NXDeferredRenderer.cpp">
      <Filter>Core\DirectX\Renderer</Filter>
    </ClCompile>
    <ClCompile Include="Core\Renderer.cpp">
      <Filter>Core\DirectX\Renderer</Filter>
    </ClCompile>
    <ClCompile Include="Core\NXForwardRenderer.cpp">
      <Filter>Core\DirectX\Renderer</Filter>
    </ClCompile>
    <ClCompile Include="Core\NXGUI.cpp">
      <Filter>Core\UI</Filter>
    </ClCompile>
    <ClCompile Include="Core\NXGUIMaterial.cpp">
      <Filter>Core\UI</Filter>
    </ClCompile>
    <ClCompile Include="Nix\NXSimpleSSAO.cpp">
      <Filter>Nix\Effect</Filter>
    </ClCompile>
    <ClCompile Include="Nix\NXDepthPrepass.cpp">
      <Filter>Nix\Effect</Filter>
    </ClCompile>
  </ItemGroup>
  <ItemGroup>
    <ClInclude Include="Core\App.h">
      <Filter>Core</Filter>
    </ClInclude>
    <ClInclude Include="Core\Header.h">
      <Filter>Core</Filter>
    </ClInclude>
    <ClInclude Include="Core\NXInstance.h">
      <Filter>Core</Filter>
    </ClInclude>
    <ClInclude Include="Core\FBXMeshLoader.h">
      <Filter>Core\File</Filter>
    </ClInclude>
    <ClInclude Include="Core\DirectResources.h">
      <Filter>Core\DirectX</Filter>
    </ClInclude>
    <ClInclude Include="Core\GlobalBufferManager.h">
      <Filter>Core\DirectX</Filter>
    </ClInclude>
    <ClInclude Include="Core\NXEvent.h">
      <Filter>Core\Input</Filter>
    </ClInclude>
    <ClInclude Include="Core\NXInput.h">
      <Filter>Core\Input</Filter>
    </ClInclude>
    <ClInclude Include="Core\NXTimer.h">
      <Filter>Core\Helper</Filter>
    </ClInclude>
    <ClInclude Include="Core\NXDXHelper.h">
      <Filter>Core\Helper</Filter>
    </ClInclude>
    <ClInclude Include="Core\RenderStates.h">
      <Filter>Core\DirectX</Filter>
    </ClInclude>
    <ClInclude Include="Core\ShaderComplier.h">
      <Filter>Core\DirectX</Filter>
    </ClInclude>
    <ClInclude Include="Core\ShaderStructures.h">
      <Filter>Core\DirectX</Filter>
    </ClInclude>
    <ClInclude Include="Nix\HBVH.h">
      <Filter>Nix\Accelerator</Filter>
    </ClInclude>
    <ClInclude Include="Nix\Script\NSTest.h">
      <Filter>Nix\Script</Filter>
    </ClInclude>
    <ClInclude Include="Nix\Script\NSFirstPersonalCamera.h">
      <Filter>Nix\Script</Filter>
    </ClInclude>
    <ClInclude Include="Nix\NXBox.h">
      <Filter>Nix\Object\Transform\Primitive\Shape</Filter>
    </ClInclude>
    <ClInclude Include="Nix\NXCamera.h">
      <Filter>Nix\Object\Transform\Camera</Filter>
    </ClInclude>
    <ClInclude Include="Nix\NXCylinder.h">
      <Filter>Nix\Object\Transform\Primitive\Shape</Filter>
    </ClInclude>
    <ClInclude Include="Nix\NXMesh.h">
      <Filter>Nix\Object\Transform\Primitive\Shape</Filter>
    </ClInclude>
    <ClInclude Include="Nix\NXObject.h">
      <Filter>Nix\Object\Transform\Primitive\Shape</Filter>
    </ClInclude>
    <ClInclude Include="Nix\NXPlane.h">
      <Filter>Nix\Object\Transform\Primitive\Shape</Filter>
    </ClInclude>
    <ClInclude Include="Nix\NXIntersection.h">
      <Filter>Nix\Accelerator</Filter>
    </ClInclude>
    <ClInclude Include="Nix\NXRenderTarget.h">
      <Filter>Nix\Object\Transform\Primitive\Other</Filter>
    </ClInclude>
    <ClInclude Include="Nix\Script\NXScript.h">
      <Filter>Nix\Script</Filter>
    </ClInclude>
    <ClInclude Include="Nix\Script\NXScriptType.h">
      <Filter>Nix\Script</Filter>
    </ClInclude>
    <ClInclude Include="Nix\NXPrimitive.h">
      <Filter>Nix\Object\Transform\Primitive</Filter>
    </ClInclude>
    <ClInclude Include="Nix\NXTransform.h">
      <Filter>Nix\Object\Transform</Filter>
    </ClInclude>
    <ClInclude Include="Nix\NXPassShadowMap.h">
      <Filter>Nix\Effect</Filter>
    </ClInclude>
    <ClInclude Include="Nix\NXScene.h">
      <Filter>Nix\Scene</Filter>
    </ClInclude>
    <ClInclude Include="Nix\NXSphere.h">
      <Filter>Nix\Object\Transform\Primitive\Shape</Filter>
    </ClInclude>
    <ClInclude Include="Nix\SceneManager.h">
      <Filter>Nix\Scene</Filter>
    </ClInclude>
    <ClInclude Include="Nix\NXRayTracer.h">
      <Filter>Nix\RayTracer</Filter>
    </ClInclude>
    <ClInclude Include="Core\NXRandom.h">
      <Filter>Core\Helper</Filter>
    </ClInclude>
    <ClInclude Include="Nix\NXFresnel.h">
      <Filter>Nix\RayTracer</Filter>
    </ClInclude>
    <ClInclude Include="Nix\NXIntegrator.h">
      <Filter>Nix\RayTracer\Integrator</Filter>
    </ClInclude>
    <ClInclude Include="Nix\NXBSDF.h">
      <Filter>Nix\RayTracer</Filter>
    </ClInclude>
    <ClInclude Include="Nix\NXPBRMaterial.h">
      <Filter>Nix\Material</Filter>
    </ClInclude>
    <ClInclude Include="Nix\NXPBRLight.h">
      <Filter>Nix\Object\Light</Filter>
    </ClInclude>
    <ClInclude Include="Core\ImageGenerator.h">
      <Filter>Core\File</Filter>
    </ClInclude>
    <ClInclude Include="Nix\NXDistribution.h">
      <Filter>Nix\RayTracer</Filter>
    </ClInclude>
    <ClInclude Include="Nix\NXPathIntegrator.h">
      <Filter>Nix\RayTracer\Integrator</Filter>
    </ClInclude>
    <ClInclude Include="Nix\NXKdTree.h">
      <Filter>Nix\Accelerator</Filter>
    </ClInclude>
    <ClInclude Include="Nix\NXReflection.h">
      <Filter>Nix\RayTracer</Filter>
    </ClInclude>
    <ClInclude Include="Nix\NXPMIntegrator.h">
      <Filter>Nix\RayTracer\Integrator</Filter>
    </ClInclude>
    <ClInclude Include="Nix\NXPMSplitIntegrator.h">
      <Filter>Nix\RayTracer\Integrator</Filter>
    </ClInclude>
    <ClInclude Include="Nix\NXDirectIntegrator.h">
      <Filter>Nix\RayTracer\Integrator</Filter>
    </ClInclude>
    <ClInclude Include="Nix\NXIrradianceCache.h">
      <Filter>Nix\RayTracer\IrradianceCache</Filter>
    </ClInclude>
    <ClInclude Include="Nix\NXPhoton.h">
      <Filter>Nix\RayTracer</Filter>
    </ClInclude>
    <ClInclude Include="Nix\NXSPPMIntegrator.h">
      <Filter>Nix\RayTracer\Integrator</Filter>
    </ClInclude>
    <ClInclude Include="Nix\NXCubeMap.h">
      <Filter>Nix\Object\Transform\Primitive\Other</Filter>
    </ClInclude>
    <ClInclude Include="Core\NXDeferredRenderer.h">
      <Filter>Core\DirectX\Renderer</Filter>
    </ClInclude>
    <ClInclude Include="Core\Renderer.h">
      <Filter>Core\DirectX\Renderer</Filter>
    </ClInclude>
    <ClInclude Include="Core\NXForwardRenderer.h">
      <Filter>Core\DirectX\Renderer</Filter>
    </ClInclude>
    <ClInclude Include="Core\NXGUI.h">
      <Filter>Core\UI</Filter>
    </ClInclude>
    <ClInclude Include="Core\NXGUIImpl.h">
      <Filter>Core\UI</Filter>
    </ClInclude>
    <ClInclude Include="Core\NXGUIMaterial.h">
      <Filter>Core\UI</Filter>
    </ClInclude>
    <ClInclude Include="Core\NXGUIFileBrowser.h">
      <Filter>Core\UI</Filter>
    </ClInclude>
    <ClInclude Include="Nix\NXSimpleSSAO.h">
      <Filter>Nix\Effect</Filter>
    </ClInclude>
    <ClInclude Include="Nix\NXDepthPrepass.h">
      <Filter>Nix\Effect</Filter>
    </ClInclude>
  </ItemGroup>
  <ItemGroup>
    <Text Include="场景添加物体说明.txt" />
    <Text Include="普通问题（3级）.txt" />
    <Text Include="较严重问题（2级）.txt" />
  </ItemGroup>
</Project>