
Microsoft Visual Studio Solution File, Format Version 12.00
# Visual Studio Version 16
VisualStudioVersion = 16.0.29009.5
MinimumVisualStudioVersion = 10.0.40219.1
Project("{8BC9CEB8-8B4A-11D0-8D11-00A0C91BC942}") = "Nix", "Nix\Nix.vcxproj", "{580AF3ED-67A1-4AC5-91B9-D29D0A946CF2}"
	ProjectSection(ProjectDependencies) = postProject
		{33842630-5245-444F-B7CD-F038F3C2707A} = {33842630-5245-444F-B7CD-F038F3C2707A}
		{58E11C3A-FFF9-4228-8388-3850913054D8} = {58E11C3A-FFF9-4228-8388-3850913054D8}
		{371B9FA9-4C90-4AC6-A123-ACED756D6C77} = {371B9FA9-4C90-4AC6-A123-ACED756D6C77}
		{6C25EBDE-60BB-4BE7-B488-262DFEF88485} = {6C25EBDE-60BB-4BE7-B488-262DFEF88485}
	EndProjectSection
EndProject
Project("{8BC9CEB8-8B4A-11D0-8D11-00A0C91BC942}") = "FBXImporter", "FBXImporter\FBXImporter.vcxproj", "{33842630-5245-444F-B7CD-F038F3C2707A}"
EndProject
Project("{8BC9CEB8-8B4A-11D0-8D11-00A0C91BC942}") = "NixMath", "NixMath\NixMath.vcxproj", "{6C25EBDE-60BB-4BE7-B488-262DFEF88485}"
EndProject
Project("{8BC9CEB8-8B4A-11D0-8D11-00A0C91BC942}") = "DirectXTex", "DirectXTex\DirectXTex\DirectXTex_Desktop_2019_Win10.vcxproj", "{371B9FA9-4C90-4AC6-A123-ACED756D6C77}"
EndProject
Project("{8BC9CEB8-8B4A-11D0-8D11-00A0C91BC942}") = "IMGUI", "IMGUI\IMGUI.vcxproj", "{58E11C3A-FFF9-4228-8388-3850913054D8}"
EndProject
Global
	GlobalSection(SolutionConfigurationPlatforms) = preSolution
		Debug|ARM64 = Debug|ARM64
		Debug|x64 = Debug|x64
		Debug|x86 = Debug|x86
		Profile|ARM64 = Profile|ARM64
		Profile|x64 = Profile|x64
		Profile|x86 = Profile|x86
		Release|ARM64 = Release|ARM64
		Release|x64 = Release|x64
		Release|x86 = Release|x86
	EndGlobalSection
	GlobalSection(ProjectConfigurationPlatforms) = postSolution
		{580AF3ED-67A1-4AC5-91B9-D29D0A946CF2}.Debug|ARM64.ActiveCfg = Debug|Win32
		{580AF3ED-67A1-4AC5-91B9-D29D0A946CF2}.Debug|x64.ActiveCfg = Debug|x64
		{580AF3ED-67A1-4AC5-91B9-D29D0A946CF2}.Debug|x64.Build.0 = Debug|x64
		{580AF3ED-67A1-4AC5-91B9-D29D0A946CF2}.Debug|x86.ActiveCfg = Debug|Win32
		{580AF3ED-67A1-4AC5-91B9-D29D0A946CF2}.Debug|x86.Build.0 = Debug|Win32
		{580AF3ED-67A1-4AC5-91B9-D29D0A946CF2}.Profile|ARM64.ActiveCfg = Release|Win32
		{580AF3ED-67A1-4AC5-91B9-D29D0A946CF2}.Profile|ARM64.Build.0 = Release|Win32
		{580AF3ED-67A1-4AC5-91B9-D29D0A946CF2}.Profile|x64.ActiveCfg = Release|x64
		{580AF3ED-67A1-4AC5-91B9-D29D0A946CF2}.Profile|x64.Build.0 = Release|x64
		{580AF3ED-67A1-4AC5-91B9-D29D0A946CF2}.Profile|x86.ActiveCfg = Release|Win32
		{580AF3ED-67A1-4AC5-91B9-D29D0A946CF2}.Profile|x86.Build.0 = Release|Win32
		{580AF3ED-67A1-4AC5-91B9-D29D0A946CF2}.Release|ARM64.ActiveCfg = Release|Win32
		{580AF3ED-67A1-4AC5-91B9-D29D0A946CF2}.Release|x64.ActiveCfg = Release|x64
		{580AF3ED-67A1-4AC5-91B9-D29D0A946CF2}.Release|x64.Build.0 = Release|x64
		{580AF3ED-67A1-4AC5-91B9-D29D0A946CF2}.Release|x86.ActiveCfg = Release|Win32
		{580AF3ED-67A1-4AC5-91B9-D29D0A946CF2}.Release|x86.Build.0 = Release|Win32
		{33842630-5245-444F-B7CD-F038F3C2707A}.Debug|ARM64.ActiveCfg = Debug|Win32
		{33842630-5245-444F-B7CD-F038F3C2707A}.Debug|x64.ActiveCfg = Debug|x64
		{33842630-5245-444F-B7CD-F038F3C2707A}.Debug|x64.Build.0 = Debug|x64
		{33842630-5245-444F-B7CD-F038F3C2707A}.Debug|x86.ActiveCfg = Debug|Win32
		{33842630-5245-444F-B7CD-F038F3C2707A}.Debug|x86.Build.0 = Debug|Win32
		{33842630-5245-444F-B7CD-F038F3C2707A}.Profile|ARM64.ActiveCfg = Release|Win32
		{33842630-5245-444F-B7CD-F038F3C2707A}.Profile|ARM64.Build.0 = Release|Win32
		{33842630-5245-444F-B7CD-F038F3C2707A}.Profile|x64.ActiveCfg = Release|x64
		{33842630-5245-444F-B7CD-F038F3C2707A}.Profile|x64.Build.0 = Release|x64
		{33842630-5245-444F-B7CD-F038F3C2707A}.Profile|x86.ActiveCfg = Release|Win32
		{33842630-5245-444F-B7CD-F038F3C2707A}.Profile|x86.Build.0 = Release|Win32
		{33842630-5245-444F-B7CD-F038F3C2707A}.Release|ARM64.ActiveCfg = Release|Win32
		{33842630-5245-444F-B7CD-F038F3C2707A}.Release|x64.ActiveCfg = Release|x64
		{33842630-5245-444F-B7CD-F038F3C2707A}.Release|x64.Build.0 = Release|x64
		{33842630-5245-444F-B7CD-F038F3C2707A}.Release|x86.ActiveCfg = Release|Win32
		{33842630-5245-444F-B7CD-F038F3C2707A}.Release|x86.Build.0 = Release|Win32
		{6C25EBDE-60BB-4BE7-B488-262DFEF88485}.Debug|ARM64.ActiveCfg = Debug|Win32
		{6C25EBDE-60BB-4BE7-B488-262DFEF88485}.Debug|x64.ActiveCfg = Debug|x64
		{6C25EBDE-60BB-4BE7-B488-262DFEF88485}.Debug|x64.Build.0 = Debug|x64
		{6C25EBDE-60BB-4BE7-B488-262DFEF88485}.Debug|x86.ActiveCfg = Debug|Win32
		{6C25EBDE-60BB-4BE7-B488-262DFEF88485}.Debug|x86.Build.0 = Debug|Win32
		{6C25EBDE-60BB-4BE7-B488-262DFEF88485}.Profile|ARM64.ActiveCfg = Release|Win32
		{6C25EBDE-60BB-4BE7-B488-262DFEF88485}.Profile|ARM64.Build.0 = Release|Win32
		{6C25EBDE-60BB-4BE7-B488-262DFEF88485}.Profile|x64.ActiveCfg = Release|x64
		{6C25EBDE-60BB-4BE7-B488-262DFEF88485}.Profile|x64.Build.0 = Release|x64
		{6C25EBDE-60BB-4BE7-B488-262DFEF88485}.Profile|x86.ActiveCfg = Release|Win32
		{6C25EBDE-60BB-4BE7-B488-262DFEF88485}.Profile|x86.Build.0 = Release|Win32
		{6C25EBDE-60BB-4BE7-B488-262DFEF88485}.Release|ARM64.ActiveCfg = Release|Win32
		{6C25EBDE-60BB-4BE7-B488-262DFEF88485}.Release|x64.ActiveCfg = Release|x64
		{6C25EBDE-60BB-4BE7-B488-262DFEF88485}.Release|x64.Build.0 = Release|x64
		{6C25EBDE-60BB-4BE7-B488-262DFEF88485}.Release|x86.ActiveCfg = Release|Win32
		{6C25EBDE-60BB-4BE7-B488-262DFEF88485}.Release|x86.Build.0 = Release|Win32
		{371B9FA9-4C90-4AC6-A123-ACED756D6C77}.Debug|ARM64.ActiveCfg = Debug|ARM64
		{371B9FA9-4C90-4AC6-A123-ACED756D6C77}.Debug|ARM64.Build.0 = Debug|ARM64
		{371B9FA9-4C90-4AC6-A123-ACED756D6C77}.Debug|x64.ActiveCfg = Debug|x64
		{371B9FA9-4C90-4AC6-A123-ACED756D6C77}.Debug|x64.Build.0 = Debug|x64
		{371B9FA9-4C90-4AC6-A123-ACED756D6C77}.Debug|x86.ActiveCfg = Debug|Win32
		{371B9FA9-4C90-4AC6-A123-ACED756D6C77}.Debug|x86.Build.0 = Debug|Win32
		{371B9FA9-4C90-4AC6-A123-ACED756D6C77}.Profile|ARM64.ActiveCfg = Profile|ARM64
		{371B9FA9-4C90-4AC6-A123-ACED756D6C77}.Profile|ARM64.Build.0 = Profile|ARM64
		{371B9FA9-4C90-4AC6-A123-ACED756D6C77}.Profile|x64.ActiveCfg = Profile|x64
		{371B9FA9-4C90-4AC6-A123-ACED756D6C77}.Profile|x64.Build.0 = Profile|x64
		{371B9FA9-4C90-4AC6-A123-ACED756D6C77}.Profile|x86.ActiveCfg = Profile|Win32
		{371B9FA9-4C90-4AC6-A123-ACED756D6C77}.Profile|x86.Build.0 = Profile|Win32
		{371B9FA9-4C90-4AC6-A123-ACED756D6C77}.Release|ARM64.ActiveCfg = Release|ARM64
		{371B9FA9-4C90-4AC6-A123-ACED756D6C77}.Release|ARM64.Build.0 = Release|ARM64
		{371B9FA9-4C90-4AC6-A123-ACED756D6C77}.Release|x64.ActiveCfg = Release|x64
		{371B9FA9-4C90-4AC6-A123-ACED756D6C77}.Release|x64.Build.0 = Release|x64
		{371B9FA9-4C90-4AC6-A123-ACED756D6C77}.Release|x86.ActiveCfg = Release|Win32
		{371B9FA9-4C90-4AC6-A123-ACED756D6C77}.Release|x86.Build.0 = Release|Win32
		{58E11C3A-FFF9-4228-8388-3850913054D8}.Debug|ARM64.ActiveCfg = Debug|Win32
		{58E11C3A-FFF9-4228-8388-3850913054D8}.Debug|x64.ActiveCfg = Debug|x64
		{58E11C3A-FFF9-4228-8388-3850913054D8}.Debug|x64.Build.0 = Debug|x64
		{58E11C3A-FFF9-4228-8388-3850913054D8}.Debug|x86.ActiveCfg = Debug|Win32
		{58E11C3A-FFF9-4228-8388-3850913054D8}.Debug|x86.Build.0 = Debug|Win32
		{58E11C3A-FFF9-4228-8388-3850913054D8}.Profile|ARM64.ActiveCfg = Debug|Win32
		{58E11C3A-FFF9-4228-8388-3850913054D8}.Profile|ARM64.Build.0 = Debug|Win32
		{58E11C3A-FFF9-4228-8388-3850913054D8}.Profile|x64.ActiveCfg = Debug|x64
		{58E11C3A-FFF9-4228-8388-3850913054D8}.Profile|x64.Build.0 = Debug|x64
		{58E11C3A-FFF9-4228-8388-3850913054D8}.Profile|x86.ActiveCfg = Debug|Win32
		{58E11C3A-FFF9-4228-8388-3850913054D8}.Profile|x86.Build.0 = Debug|Win32
		{58E11C3A-FFF9-4228-8388-3850913054D8}.Release|ARM64.ActiveCfg = Release|Win32
		{58E11C3A-FFF9-4228-8388-3850913054D8}.Release|x64.ActiveCfg = Release|x64
		{58E11C3A-FFF9-4228-8388-3850913054D8}.Release|x64.Build.0 = Release|x64
		{58E11C3A-FFF9-4228-8388-3850913054D8}.Release|x86.ActiveCfg = Release|Win32
		{58E11C3A-FFF9-4228-8388-3850913054D8}.Release|x86.Build.0 = Release|Win32
	EndGlobalSection
	GlobalSection(SolutionProperties) = preSolution
		HideSolutionNode = FALSE
	EndGlobalSection
	GlobalSection(ExtensibilityGlobals) = postSolution
		SolutionGuid = {396C5FF8-E0BB-462E-BACB-F5BF3A176451}
	EndGlobalSection
EndGlobal
