<?xml version="1.0" encoding="utf-8"?>
<Project ToolsVersion="4.0" xmlns="http://schemas.microsoft.com/developer/msbuild/2003">
  <ItemGroup>
    <ClCompile Include="DeadList.cpp" />
    <ClCompile Include="Buddy.cpp" />
    <ClCompile Include="ConstantBufferAllocator.cpp" />
    <ClCompile Include="DXIncludes.h" />
    <ClCompile Include="DescriptorAllocator.cpp" />
  </ItemGroup>
  <ItemGroup>
    <ClInclude Include="Buddy.h" />
    <ClInclude Include="DeadList.h" />
    <ClInclude Include="ConstantBufferAllocator.h" />
    <ClInclude Include="XAllocCommons.h" />
    <ClInclude Include="DescriptorAllocator.h" />
  </ItemGroup>
</Project>