<?xml version="1.0" encoding="utf-8"?>
<Project ToolsVersion="4.0" xmlns="http://schemas.microsoft.com/developer/msbuild/2003">
  <ItemGroup>
    <ClCompile Include="DeadList.cpp" />
    <ClCompile Include="Buddy.cpp" />
    <ClCompile Include="CommittedBufferAllocator.cpp" />
    <ClCompile Include="DescriptorAllocator.cpp" />
    <ClCompile Include="PlacedBufferAllocator.cpp" />
    <ClCompile Include="XAllocCommon.h" />
  </ItemGroup>
  <ItemGroup>
    <ClInclude Include="Buddy.h" />
    <ClInclude Include="DeadList.h" />
    <ClInclude Include="CommittedBufferAllocator.h" />
    <ClInclude Include="XAllocImpl.h" />
    <ClInclude Include="DescriptorAllocator.h" />
    <ClInclude Include="PlacedBufferAllocator.h" />
  </ItemGroup>
</Project>