<?xml version="1.0" encoding="utf-8"?>
<Project ToolsVersion="4.0" xmlns="http://schemas.microsoft.com/developer/msbuild/2003">
  <ItemGroup>
    <ClCompile Include="CommittedAllocator.cpp" />
    <ClCompile Include="DescriptorAllocator.cpp" />
    <ClCompile Include="PlacedAllocator.cpp" />
  </ItemGroup>
  <ItemGroup>
    <ClInclude Include="CommittedAllocator.h" />
    <ClInclude Include="DescriptorAllocator.h" />
    <ClInclude Include="PlacedAllocator.h" />
    <ClInclude Include="XAllocator.h" />
    <ClInclude Include="DXIncludes.h" />
  </ItemGroup>
</Project>