<?xml version="1.0" encoding="utf-8"?>
<Project ToolsVersion="4.0" xmlns="http://schemas.microsoft.com/developer/msbuild/2003">
  <ItemGroup>
    <ClCompile Include="BuddyAllocTest.cpp" />
    <ClCompile Include="Main.cpp" />
    <ClCompile Include="DeadListAllocTest.cpp" />
    <ClCompile Include="DeadListAllocText.cpp" />
  </ItemGroup>
  <ItemGroup>
    <ClInclude Include="BuddyAllocTest.h" />
    <ClInclude Include="DeadListAllocText.h" />
  </ItemGroup>
</Project>