<?xml version="1.0" encoding="utf-8"?>
<Project ToolsVersion="4.0" xmlns="http://schemas.microsoft.com/developer/msbuild/2003">
  <ItemGroup>
    <ClInclude Include="imgui.h" />
    <ClInclude Include="imgui_internal.h" />
    <ClInclude Include="imstb_rectpack.h" />
    <ClInclude Include="imstb_textedit.h" />
    <ClInclude Include="imstb_truetype.h" />
    <ClInclude Include="imgui_impl_win32.h">
      <Filter>impl</Filter>
    </ClInclude>
    <ClInclude Include="imgui_impl_dx12.h">
      <Filter>impl</Filter>
    </ClInclude>
    <ClInclude Include="imgui_stdlib.h" />
    <ClInclude Include="implot.h">
      <Filter>implot</Filter>
    </ClInclude>
    <ClInclude Include="implot_internal.h">
      <Filter>implot</Filter>
    </ClInclude>
    <ClInclude Include="imgui_nix_extra.h">
      <Filter>nix_extra</Filter>
    </ClInclude>
  </ItemGroup>
  <ItemGroup>
    <ClCompile Include="imgui_demo.cpp" />
    <ClCompile Include="imgui_draw.cpp" />
    <ClCompile Include="imgui_tables.cpp" />
    <ClCompile Include="imgui_widgets.cpp" />
    <ClCompile Include="imgui.cpp" />
    <ClCompile Include="imgui_impl_win32.cpp">
      <Filter>impl</Filter>
    </ClCompile>
    <ClCompile Include="imgui_impl_dx12.cpp">
      <Filter>impl</Filter>
    </ClCompile>
    <ClCompile Include="imgui_stdlib.cpp" />
    <ClCompile Include="implot_items.cpp">
      <Filter>implot</Filter>
    </ClCompile>
    <ClCompile Include="implot.cpp">
      <Filter>implot</Filter>
    </ClCompile>
    <ClCompile Include="implot_demo.cpp">
      <Filter>implot</Filter>
    </ClCompile>
    <ClCompile Include="imgui_nix_extra.cpp">
      <Filter>nix_extra</Filter>
    </ClCompile>
  </ItemGroup>
  <ItemGroup>
    <Filter Include="impl">
      <UniqueIdentifier>{d13d3f93-6cb9-4a37-9c94-c6a96756e8f7}</UniqueIdentifier>
    </Filter>
    <Filter Include="implot">
      <UniqueIdentifier>{6d0fbef8-fe9f-444c-b1ff-4ca6fcf5876b}</UniqueIdentifier>
    </Filter>
    <Filter Include="nix_extra">
      <UniqueIdentifier>{c55c90b6-95ec-4f29-9a6c-d9860cb6f126}</UniqueIdentifier>
    </Filter>
  </ItemGroup>
  <ItemGroup>
    <None Include="packages.config" />
  </ItemGroup>
</Project>